lockfileVersion: '9.0'

settings:
  autoInstallPeers: true
  excludeLinksFromLockfile: false

importers:

  .:
    devDependencies:
      ldenv:
        specifier: ^0.3.16
        version: 0.3.16

packages:

  dotenv-expand@10.0.0:
    resolution: {integrity: sha512-GopVGCpVS1UKH75VKHGuQFqS1Gusej0z4FyQkPdwjil2gNIv+LNsqBlboOzpJFZKVT95GkCyWJbBSdFEFUWI2A==}
    engines: {node: '>=12'}

  dotenv@16.6.1:
    resolution: {integrity: sha512-uBq4egWHTcTt33a72vpSG0z3HnPuIl6NqYcTrKEg2azoEyl2hpW0zqlxysq2pK9HlDIHyHyakeYaYnSAwd8bow==}
    engines: {node: '>=12'}

  ldenv@0.3.16:
    resolution: {integrity: sha512-ShaNPPzgUi+iGj9bsQ0TPRm6MuOcPpc1NklL0/IzJsvB0OdHwWoPhmeTVR5z0oC3zzLebrojozo/nt8d2XTZbQ==}
    hasBin: true

snapshots:

  dotenv-expand@10.0.0: {}

  dotenv@16.6.1: {}

  ldenv@0.3.16:
    dependencies:
      dotenv: 16.6.1
      dotenv-expand: 10.0.0
